
Microsoft Visual Studio Solution File, Format Version 12.00
# Visual Studio Version 16
VisualStudioVersion = 16.0.29201.188
MinimumVisualStudioVersion = 10.0.40219.1
Project("{FAE04EC0-301F-11D3-BF4B-00C04F79EFBC}") = "20210915", "20210915\20210915.csproj", "{658844E5-04FF-4457-95F8-F959C5CB7BA8}"
EndProject
Global
	GlobalSection(SolutionConfigurationPlatforms) = preSolution
		Debug|Any CPU = Debug|Any CPU
		Release|Any CPU = Release|Any CPU
	EndGlobalSection
	GlobalSection(ProjectConfigurationPlatforms) = postSolution
		{658844E5-04FF-4457-95F8-F959C5CB7BA8}.Debug|Any CPU.ActiveCfg = Debug|Any CPU
		{658844E5-04FF-4457-95F8-F959C5CB7BA8}.Debug|Any CPU.Build.0 = Debug|Any CPU
		{658844E5-04FF-4457-95F8-F959C5CB7BA8}.Release|Any CPU.ActiveCfg = Release|Any CPU
		{658844E5-04FF-4457-95F8-F959C5CB7BA8}.Release|Any CPU.Build.0 = Release|Any CPU
	EndGlobalSection
	GlobalSection(SolutionProperties) = preSolution
		HideSolutionNode = FALSE
	EndGlobalSection
	GlobalSection(ExtensibilityGlobals) = postSolution
		SolutionGuid = {345A65A5-A134-4D66-91D2-A0E19D4D92BA}
	EndGlobalSection
EndGlobal
